
Microsoft Visual Studio Solution File, Format Version 12.00
# Visual Studio Version 17
VisualStudioVersion = 17.8.34322.80
MinimumVisualStudioVersion = 10.0.40219.1
Project("{FAE04EC0-301F-11D3-BF4B-00C04F79EFBC}") = "ProjetoNfe", "ProjetoNfe\ProjetoNfe.csproj", "{56FCBFB6-101B-4644-B92C-983F1924A30C}"
EndProject
Global
	GlobalSection(SolutionConfigurationPlatforms) = preSolution
		Debug|Any CPU = Debug|Any CPU
		Release|Any CPU = Release|Any CPU
	EndGlobalSection
	GlobalSection(ProjectConfigurationPlatforms) = postSolution
		{56FCBFB6-101B-4644-B92C-983F1924A30C}.Debug|Any CPU.ActiveCfg = Debug|Any CPU
		{56FCBFB6-101B-4644-B92C-983F1924A30C}.Debug|Any CPU.Build.0 = Debug|Any CPU
		{56FCBFB6-101B-4644-B92C-983F1924A30C}.Release|Any CPU.ActiveCfg = Release|Any CPU
		{56FCBFB6-101B-4644-B92C-983F1924A30C}.Release|Any CPU.Build.0 = Release|Any CPU
	EndGlobalSection
	GlobalSection(SolutionProperties) = preSolution
		HideSolutionNode = FALSE
	EndGlobalSection
	GlobalSection(ExtensibilityGlobals) = postSolution
		SolutionGuid = {48B5CD5D-BFE6-4D12-8EE2-951281B603A7}
	EndGlobalSection
EndGlobal
